{
  "name": "hackerrank-euler",
  "version": "1.0.0",
  "lockfileVersion": 1,
  "requires": true,
  "dependencies": {
    "@sentry/core": {
      "version": "4.6.3",
      "resolved": "https://arm.epk.ericsson.se/artifactory/api/npm/proj-cea-ui-npm/@sentry/core/-/core-4.6.3.tgz",
      "integrity": "sha1-XBIN6nbQsZdXKW6cJE+MOTnedE4=",
      "requires": {
        "@sentry/hub": "4.6.3",
        "@sentry/minimal": "4.6.3",
        "@sentry/types": "4.5.3",
        "@sentry/utils": "4.6.3",
        "tslib": "^1.9.3"
      }
    },
    "@sentry/hub": {
      "version": "4.6.3",
      "resolved": "https://arm.epk.ericsson.se/artifactory/api/npm/proj-cea-ui-npm/@sentry/hub/-/hub-4.6.3.tgz",
      "integrity": "sha1-UixPpawUNNz7qjJqsnm4HVlexzk=",
      "requires": {
        "@sentry/types": "4.5.3",
        "@sentry/utils": "4.6.3",
        "tslib": "^1.9.3"
      }
    },
    "@sentry/minimal": {
      "version": "4.6.3",
      "resolved": "https://arm.epk.ericsson.se/artifactory/api/npm/proj-cea-ui-npm/@sentry/minimal/-/minimal-4.6.3.tgz",
      "integrity": "sha1-X/eO76oVzaZQixgdT051fsE4WCg=",
      "requires": {
        "@sentry/hub": "4.6.3",
        "@sentry/types": "4.5.3",
        "tslib": "^1.9.3"
      }
    },
    "@sentry/node": {
      "version": "4.6.3",
      "resolved": "https://arm.epk.ericsson.se/artifactory/api/npm/proj-cea-ui-npm/@sentry/node/-/node-4.6.3.tgz",
      "integrity": "sha1-/9tBDXjd7E9bNF1XnvmKa0rnnUY=",
      "requires": {
        "@sentry/core": "4.6.3",
        "@sentry/hub": "4.6.3",
        "@sentry/types": "4.5.3",
        "@sentry/utils": "4.6.3",
        "@types/stack-trace": "0.0.29",
        "cookie": "0.3.1",
        "https-proxy-agent": "2.2.1",
        "lru_map": "0.3.3",
        "lsmod": "1.0.0",
        "stack-trace": "0.0.10",
        "tslib": "^1.9.3"
      }
    },
    "@sentry/types": {
      "version": "4.5.3",
      "resolved": "https://arm.epk.ericsson.se/artifactory/api/npm/proj-cea-ui-npm/@sentry/types/-/types-4.5.3.tgz",
      "integrity": "sha1-M1Dc4rf5uTaowyeJHBLjrve9iFI="
    },
    "@sentry/utils": {
      "version": "4.6.3",
      "resolved": "https://arm.epk.ericsson.se/artifactory/api/npm/proj-cea-ui-npm/@sentry/utils/-/utils-4.6.3.tgz",
      "integrity": "sha1-DcR0jvTq0InOssSjZwM534vnFnk=",
      "requires": {
        "@sentry/types": "4.5.3",
        "tslib": "^1.9.3"
      }
    },
    "@types/stack-trace": {
      "version": "0.0.29",
      "resolved": "https://arm.epk.ericsson.se/artifactory/api/npm/proj-cea-ui-npm/@types/stack-trace/-/stack-trace-0.0.29.tgz",
      "integrity": "sha1-63p8YAmO2zVjDtkAdCpeyyDPy00="
    },
    "agent-base": {
      "version": "4.2.1",
      "resolved": "https://arm.epk.ericsson.se/artifactory/api/npm/proj-cea-ui-npm/agent-base/-/agent-base-4.2.1.tgz",
      "integrity": "sha1-2J5ZmfeXh1Z0wH2H8mD8Qeg+jKk=",
      "requires": {
        "es6-promisify": "^5.0.0"
      }
    },
    "cookie": {
      "version": "0.3.1",
      "resolved": "https://arm.epk.ericsson.se/artifactory/api/npm/proj-cea-ui-npm/cookie/-/cookie-0.3.1.tgz",
      "integrity": "sha1-5+Ch+e9DtMi6klxcWpboBtFoc7s="
    },
    "debug": {
      "version": "3.2.6",
      "resolved": "https://arm.epk.ericsson.se/artifactory/api/npm/proj-cea-ui-npm/debug/-/debug-3.2.6.tgz",
      "integrity": "sha1-6D0X3hbYp++3cX7b5fsQE17uYps=",
      "requires": {
        "ms": "^2.1.1"
      }
    },
    "es6-promise": {
      "version": "4.2.6",
      "resolved": "https://arm.epk.ericsson.se/artifactory/api/npm/proj-cea-ui-npm/es6-promise/-/es6-promise-4.2.6.tgz",
      "integrity": "sha1-toXt2CWIhjZepitX0w3ij63Nl08="
    },
    "es6-promisify": {
      "version": "5.0.0",
      "resolved": "https://arm.epk.ericsson.se/artifactory/api/npm/proj-cea-ui-npm/es6-promisify/-/es6-promisify-5.0.0.tgz",
      "integrity": "sha1-UQnWLz5W6pZ8S2NQWu8IKRyKUgM=",
      "requires": {
        "es6-promise": "^4.0.3"
      }
    },
    "https-proxy-agent": {
      "version": "2.2.1",
      "resolved": "https://arm.epk.ericsson.se/artifactory/api/npm/proj-cea-ui-npm/https-proxy-agent/-/https-proxy-agent-2.2.1.tgz",
      "integrity": "sha1-UVUpcPoE1yPgTFbQQXjD+SWSu8A=",
      "requires": {
        "agent-base": "^4.1.0",
        "debug": "^3.1.0"
      }
    },
    "lru_map": {
      "version": "0.3.3",
      "resolved": "https://arm.epk.ericsson.se/artifactory/api/npm/proj-cea-ui-npm/lru_map/-/lru_map-0.3.3.tgz",
      "integrity": "sha1-tcg1G5Rky9dQM1p5ZQoOwOVhGN0="
    },
    "lsmod": {
      "version": "1.0.0",
      "resolved": "https://arm.epk.ericsson.se/artifactory/api/npm/proj-cea-ui-npm/lsmod/-/lsmod-1.0.0.tgz",
      "integrity": "sha1-mgD3bco26yP6BTUK/htYXUKZ5ks="
    },
    "ms": {
      "version": "2.1.1",
      "resolved": "https://arm.epk.ericsson.se/artifactory/api/npm/proj-cea-ui-npm/ms/-/ms-2.1.1.tgz",
      "integrity": "sha1-MKWGTrPrsKZvLr5tcnrwagnYbgo="
    },
    "stack-trace": {
      "version": "0.0.10",
      "resolved": "https://arm.epk.ericsson.se/artifactory/api/npm/proj-cea-ui-npm/stack-trace/-/stack-trace-0.0.10.tgz",
      "integrity": "sha1-VHxws0fo0ytOEI6hoqFZ5f3eGcA="
    },
    "tslib": {
      "version": "1.9.3",
      "resolved": "https://arm.epk.ericsson.se/artifactory/api/npm/proj-cea-ui-npm/tslib/-/tslib-1.9.3.tgz",
      "integrity": "sha1-1+TdeSRdhUKMTX5IIqeZF5VMooY="
    }
  }
}
